
Microsoft Visual Studio Solution File, Format Version 12.00
# Visual Studio 2012
Project("{FAE04EC0-301F-11D3-BF4B-00C04F79EFBC}") = "Tests", "Tests\Tests.csproj", "{3CB167F9-D48D-4AA5-882D-F9EA1BD8F08A}"
EndProject
Project("{FAE04EC0-301F-11D3-BF4B-00C04F79EFBC}") = "MusicData", "MusicData\MusicData.csproj", "{34FDBBA7-DA83-4F90-955C-56209AA0DFBD}"
EndProject
Project("{FAE04EC0-301F-11D3-BF4B-00C04F79EFBC}") = "MaestroService", "MaestroService\MaestroService.csproj", "{D161E47A-5764-467E-824F-26C820B2CD50}"
EndProject
Project("{FAE04EC0-301F-11D3-BF4B-00C04F79EFBC}") = "RestAPI", "RestAPI\RestAPI.csproj", "{7686095A-13C2-41B7-A4C6-F26C5451965F}"
EndProject
Global
	GlobalSection(SolutionConfigurationPlatforms) = preSolution
		Debug|Any CPU = Debug|Any CPU
		Release|Any CPU = Release|Any CPU
		Service Debug|Any CPU = Service Debug|Any CPU
	EndGlobalSection
	GlobalSection(ProjectConfigurationPlatforms) = postSolution
		{3CB167F9-D48D-4AA5-882D-F9EA1BD8F08A}.Debug|Any CPU.ActiveCfg = Debug|Any CPU
		{3CB167F9-D48D-4AA5-882D-F9EA1BD8F08A}.Debug|Any CPU.Build.0 = Debug|Any CPU
		{3CB167F9-D48D-4AA5-882D-F9EA1BD8F08A}.Release|Any CPU.ActiveCfg = Release|Any CPU
		{3CB167F9-D48D-4AA5-882D-F9EA1BD8F08A}.Release|Any CPU.Build.0 = Release|Any CPU
		{3CB167F9-D48D-4AA5-882D-F9EA1BD8F08A}.Service Debug|Any CPU.ActiveCfg = Service Debug|Any CPU
		{34FDBBA7-DA83-4F90-955C-56209AA0DFBD}.Debug|Any CPU.ActiveCfg = Debug|Any CPU
		{34FDBBA7-DA83-4F90-955C-56209AA0DFBD}.Debug|Any CPU.Build.0 = Debug|Any CPU
		{34FDBBA7-DA83-4F90-955C-56209AA0DFBD}.Release|Any CPU.ActiveCfg = Release|Any CPU
		{34FDBBA7-DA83-4F90-955C-56209AA0DFBD}.Release|Any CPU.Build.0 = Release|Any CPU
		{34FDBBA7-DA83-4F90-955C-56209AA0DFBD}.Service Debug|Any CPU.ActiveCfg = Service Debug|Any CPU
		{34FDBBA7-DA83-4F90-955C-56209AA0DFBD}.Service Debug|Any CPU.Build.0 = Service Debug|Any CPU
		{D161E47A-5764-467E-824F-26C820B2CD50}.Debug|Any CPU.ActiveCfg = Debug|Any CPU
		{D161E47A-5764-467E-824F-26C820B2CD50}.Debug|Any CPU.Build.0 = Debug|Any CPU
		{D161E47A-5764-467E-824F-26C820B2CD50}.Release|Any CPU.ActiveCfg = Release|Any CPU
		{D161E47A-5764-467E-824F-26C820B2CD50}.Release|Any CPU.Build.0 = Release|Any CPU
		{D161E47A-5764-467E-824F-26C820B2CD50}.Service Debug|Any CPU.ActiveCfg = Service Debug|Any CPU
		{D161E47A-5764-467E-824F-26C820B2CD50}.Service Debug|Any CPU.Build.0 = Service Debug|Any CPU
		{7686095A-13C2-41B7-A4C6-F26C5451965F}.Debug|Any CPU.ActiveCfg = Debug|Any CPU
		{7686095A-13C2-41B7-A4C6-F26C5451965F}.Debug|Any CPU.Build.0 = Debug|Any CPU
		{7686095A-13C2-41B7-A4C6-F26C5451965F}.Release|Any CPU.ActiveCfg = Release|Any CPU
		{7686095A-13C2-41B7-A4C6-F26C5451965F}.Release|Any CPU.Build.0 = Release|Any CPU
		{7686095A-13C2-41B7-A4C6-F26C5451965F}.Service Debug|Any CPU.ActiveCfg = Debug|Any CPU
		{7686095A-13C2-41B7-A4C6-F26C5451965F}.Service Debug|Any CPU.Build.0 = Debug|Any CPU
	EndGlobalSection
	GlobalSection(SolutionProperties) = preSolution
		HideSolutionNode = FALSE
	EndGlobalSection
EndGlobal
